
Microsoft Visual Studio Solution File, Format Version 12.00
# Visual Studio 14
VisualStudioVersion = 14.0.25420.1
MinimumVisualStudioVersion = 10.0.40219.1
Project("{FAE04EC0-301F-11D3-BF4B-00C04F79EFBC}") = "E15_LichLamViec", "E15_LichLamViec\E15_LichLamViec.csproj", "{5F808193-5145-4733-9116-E6C9C8CAA63F}"
EndProject
Project("{FAE04EC0-301F-11D3-BF4B-00C04F79EFBC}") = "E00_Model", "..\..\..\..\Desktop\E00_Model_1.0\E00_Model.csproj", "{6D956661-CDBF-4CD1-9084-895974864726}"
EndProject
Global
	GlobalSection(SolutionConfigurationPlatforms) = preSolution
		Debug|Any CPU = Debug|Any CPU
		Release|Any CPU = Release|Any CPU
	EndGlobalSection
	GlobalSection(ProjectConfigurationPlatforms) = postSolution
		{5F808193-5145-4733-9116-E6C9C8CAA63F}.Debug|Any CPU.ActiveCfg = Debug|Any CPU
		{5F808193-5145-4733-9116-E6C9C8CAA63F}.Debug|Any CPU.Build.0 = Debug|Any CPU
		{5F808193-5145-4733-9116-E6C9C8CAA63F}.Release|Any CPU.ActiveCfg = Release|Any CPU
		{5F808193-5145-4733-9116-E6C9C8CAA63F}.Release|Any CPU.Build.0 = Release|Any CPU
		{6D956661-CDBF-4CD1-9084-895974864726}.Debug|Any CPU.ActiveCfg = Debug|Any CPU
		{6D956661-CDBF-4CD1-9084-895974864726}.Debug|Any CPU.Build.0 = Debug|Any CPU
		{6D956661-CDBF-4CD1-9084-895974864726}.Release|Any CPU.ActiveCfg = Release|Any CPU
		{6D956661-CDBF-4CD1-9084-895974864726}.Release|Any CPU.Build.0 = Release|Any CPU
	EndGlobalSection
	GlobalSection(SolutionProperties) = preSolution
		HideSolutionNode = FALSE
	EndGlobalSection
EndGlobal
